
Microsoft Visual Studio Solution File, Format Version 12.00
# Visual Studio 15
VisualStudioVersion = 15.0.27703.2042
MinimumVisualStudioVersion = 10.0.40219.1
Project("{FAE04EC0-301F-11D3-BF4B-00C04F79EFBC}") = "RoiCalc", "RoiCalc\RoiCalc.csproj", "{7F5C8B73-DE38-43EF-807C-2B6A80EC9EB1}"
EndProject
Project("{FAE04EC0-301F-11D3-BF4B-00C04F79EFBC}") = "ExtensionMethods", "ExtensionMethods\ExtensionMethods.csproj", "{3A2325D9-157B-4358-9662-E6D7EE1DC759}"
EndProject
Project("{FAE04EC0-301F-11D3-BF4B-00C04F79EFBC}") = "ImageComboBox", "ImageComboBox\ImageComboBox.csproj", "{33D6FF5D-C30C-4976-B35D-98CDF7519BA0}"
EndProject
Global
	GlobalSection(SolutionConfigurationPlatforms) = preSolution
		All|Any CPU = All|Any CPU
		All|x86 = All|x86
		Debug|Any CPU = Debug|Any CPU
		Debug|x86 = Debug|x86
		Release|Any CPU = Release|Any CPU
		Release|x86 = Release|x86
	EndGlobalSection
	GlobalSection(ProjectConfigurationPlatforms) = postSolution
		{7F5C8B73-DE38-43EF-807C-2B6A80EC9EB1}.All|Any CPU.ActiveCfg = Release|Any CPU
		{7F5C8B73-DE38-43EF-807C-2B6A80EC9EB1}.All|Any CPU.Build.0 = Release|Any CPU
		{7F5C8B73-DE38-43EF-807C-2B6A80EC9EB1}.All|x86.ActiveCfg = Release|Any CPU
		{7F5C8B73-DE38-43EF-807C-2B6A80EC9EB1}.All|x86.Build.0 = Release|Any CPU
		{7F5C8B73-DE38-43EF-807C-2B6A80EC9EB1}.Debug|Any CPU.ActiveCfg = Debug|Any CPU
		{7F5C8B73-DE38-43EF-807C-2B6A80EC9EB1}.Debug|Any CPU.Build.0 = Debug|Any CPU
		{7F5C8B73-DE38-43EF-807C-2B6A80EC9EB1}.Debug|x86.ActiveCfg = Debug|Any CPU
		{7F5C8B73-DE38-43EF-807C-2B6A80EC9EB1}.Debug|x86.Build.0 = Debug|Any CPU
		{7F5C8B73-DE38-43EF-807C-2B6A80EC9EB1}.Release|Any CPU.ActiveCfg = Release|Any CPU
		{7F5C8B73-DE38-43EF-807C-2B6A80EC9EB1}.Release|Any CPU.Build.0 = Release|Any CPU
		{7F5C8B73-DE38-43EF-807C-2B6A80EC9EB1}.Release|x86.ActiveCfg = Release|Any CPU
		{7F5C8B73-DE38-43EF-807C-2B6A80EC9EB1}.Release|x86.Build.0 = Release|Any CPU
		{3A2325D9-157B-4358-9662-E6D7EE1DC759}.All|Any CPU.ActiveCfg = DebugRunService|Any CPU
		{3A2325D9-157B-4358-9662-E6D7EE1DC759}.All|Any CPU.Build.0 = DebugRunService|Any CPU
		{3A2325D9-157B-4358-9662-E6D7EE1DC759}.All|x86.ActiveCfg = DebugRunService|Any CPU
		{3A2325D9-157B-4358-9662-E6D7EE1DC759}.All|x86.Build.0 = DebugRunService|Any CPU
		{3A2325D9-157B-4358-9662-E6D7EE1DC759}.Debug|Any CPU.ActiveCfg = Debug|Any CPU
		{3A2325D9-157B-4358-9662-E6D7EE1DC759}.Debug|Any CPU.Build.0 = Debug|Any CPU
		{3A2325D9-157B-4358-9662-E6D7EE1DC759}.Debug|x86.ActiveCfg = Debug|Any CPU
		{3A2325D9-157B-4358-9662-E6D7EE1DC759}.Debug|x86.Build.0 = Debug|Any CPU
		{3A2325D9-157B-4358-9662-E6D7EE1DC759}.Release|Any CPU.ActiveCfg = Release|Any CPU
		{3A2325D9-157B-4358-9662-E6D7EE1DC759}.Release|Any CPU.Build.0 = Release|Any CPU
		{3A2325D9-157B-4358-9662-E6D7EE1DC759}.Release|x86.ActiveCfg = Release|Any CPU
		{3A2325D9-157B-4358-9662-E6D7EE1DC759}.Release|x86.Build.0 = Release|Any CPU
		{33D6FF5D-C30C-4976-B35D-98CDF7519BA0}.All|Any CPU.ActiveCfg = Debug Analysis|Any CPU
		{33D6FF5D-C30C-4976-B35D-98CDF7519BA0}.All|Any CPU.Build.0 = Debug Analysis|Any CPU
		{33D6FF5D-C30C-4976-B35D-98CDF7519BA0}.All|x86.ActiveCfg = Debug Analysis|Any CPU
		{33D6FF5D-C30C-4976-B35D-98CDF7519BA0}.All|x86.Build.0 = Debug Analysis|Any CPU
		{33D6FF5D-C30C-4976-B35D-98CDF7519BA0}.Debug|Any CPU.ActiveCfg = Debug|Any CPU
		{33D6FF5D-C30C-4976-B35D-98CDF7519BA0}.Debug|Any CPU.Build.0 = Debug|Any CPU
		{33D6FF5D-C30C-4976-B35D-98CDF7519BA0}.Debug|x86.ActiveCfg = Debug|Any CPU
		{33D6FF5D-C30C-4976-B35D-98CDF7519BA0}.Debug|x86.Build.0 = Debug|Any CPU
		{33D6FF5D-C30C-4976-B35D-98CDF7519BA0}.Release|Any CPU.ActiveCfg = Release|Any CPU
		{33D6FF5D-C30C-4976-B35D-98CDF7519BA0}.Release|Any CPU.Build.0 = Release|Any CPU
		{33D6FF5D-C30C-4976-B35D-98CDF7519BA0}.Release|x86.ActiveCfg = Release|Any CPU
		{33D6FF5D-C30C-4976-B35D-98CDF7519BA0}.Release|x86.Build.0 = Release|Any CPU
	EndGlobalSection
	GlobalSection(SolutionProperties) = preSolution
		HideSolutionNode = FALSE
	EndGlobalSection
	GlobalSection(ExtensibilityGlobals) = postSolution
		SolutionGuid = {E5A1ED31-89FE-47B7-BE38-B0B2D5089128}
	EndGlobalSection
EndGlobal
